{
  "version": 4,
  "terraform_version": "1.2.9",
  "serial": 3,
  "lineage": "d540673e-6833-d094-aef1-67556fc37940",
  "outputs": {},
  "resources": [
    {
      "mode": "managed",
      "type": "aws_iam_user",
      "name": "tf-users",
      "provider": "provider[\"registry.terraform.io/hashicorp/aws\"]",
      "instances": [
        {
          "index_key": "maha",
          "schema_version": 0,
          "attributes": {
            "arn": "arn:aws:iam::471112605642:user/maha",
            "force_destroy": false,
            "id": "maha",
            "name": "maha",
            "path": "/",
            "permissions_boundary": "",
            "tags": null,
            "tags_all": {},
            "unique_id": "AIDAW3MD737FLAPVAC3VX"
          },
          "sensitive_attributes": [],
          "private": "bnVsbA=="
        },
        {
          "index_key": "siva",
          "schema_version": 0,
          "attributes": {
            "arn": "arn:aws:iam::471112605642:user/siva",
            "force_destroy": false,
            "id": "siva",
            "name": "siva",
            "path": "/",
            "permissions_boundary": "",
            "tags": null,
            "tags_all": {},
            "unique_id": "AIDAW3MD737FNGQ3QLIYJ"
          },
          "sensitive_attributes": [],
          "private": "bnVsbA=="
        }
      ]
    }
  ]
}
