{
  "version": 4,
  "terraform_version": "1.2.9",
  "serial": 1,
  "lineage": "e9b4081e-aca8-ea30-574f-7e4238de1a27",
  "outputs": {},
  "resources": [
    {
      "mode": "managed",
      "type": "aws_vpc",
      "name": "main",
      "provider": "provider[\"registry.terraform.io/hashicorp/aws\"]",
      "instances": [
        {
          "schema_version": 1,
          "attributes": {
            "arn": "arn:aws:ec2:us-east-1:471112605642:vpc/vpc-05fcd611ce259e6ed",
            "assign_generated_ipv6_cidr_block": false,
            "cidr_block": "10.0.0.0/16",
            "default_network_acl_id": "acl-02740927e9a5191eb",
            "default_route_table_id": "rtb-0ea052f22e56c2699",
            "default_security_group_id": "sg-02fd1830d02a53904",
            "dhcp_options_id": "dopt-0b55be1da40122931",
            "enable_dns_hostnames": false,
            "enable_dns_support": true,
            "enable_network_address_usage_metrics": false,
            "id": "vpc-05fcd611ce259e6ed",
            "instance_tenancy": "default",
            "ipv4_ipam_pool_id": null,
            "ipv4_netmask_length": null,
            "ipv6_association_id": "",
            "ipv6_cidr_block": "",
            "ipv6_cidr_block_network_border_group": "",
            "ipv6_ipam_pool_id": "",
            "ipv6_netmask_length": 0,
            "main_route_table_id": "rtb-0ea052f22e56c2699",
            "owner_id": "471112605642",
            "tags": {
              "Name": "sivavpc"
            },
            "tags_all": {
              "Name": "sivavpc"
            }
          },
          "sensitive_attributes": [],
          "private": "eyJzY2hlbWFfdmVyc2lvbiI6IjEifQ=="
        }
      ]
    }
  ]
}
